
Microsoft Visual Studio Solution File, Format Version 12.00
# Visual Studio 15
Project("{FAE04EC0-301F-11D3-BF4B-00C04F79EFBC}") = "UniRx", "UniRx.csproj", "{19CA0777-3EFD-8202-4E27-5EF61C1ADEF8}"
EndProject
Project("{FAE04EC0-301F-11D3-BF4B-00C04F79EFBC}") = "UniRx.Examples", "UniRx.Examples.csproj", "{7C5D050D-530B-E672-EC16-41A1BDD232B9}"
EndProject
Project("{FAE04EC0-301F-11D3-BF4B-00C04F79EFBC}") = "Assembly-CSharp-firstpass", "Assembly-CSharp-firstpass.csproj", "{63D1F930-6312-8D2A-EDE6-6383E825F66E}"
EndProject
Project("{FAE04EC0-301F-11D3-BF4B-00C04F79EFBC}") = "Assembly-CSharp", "Assembly-CSharp.csproj", "{BD62494A-CC33-96E2-EB93-0160D5C9DC67}"
EndProject
Global
	GlobalSection(SolutionConfigurationPlatforms) = preSolution
		Debug|Any CPU = Debug|Any CPU
		Release|Any CPU = Release|Any CPU
	EndGlobalSection
	GlobalSection(ProjectConfigurationPlatforms) = postSolution
		{19CA0777-3EFD-8202-4E27-5EF61C1ADEF8}.Debug|Any CPU.ActiveCfg = Debug|Any CPU
		{19CA0777-3EFD-8202-4E27-5EF61C1ADEF8}.Debug|Any CPU.Build.0 = Debug|Any CPU
		{19CA0777-3EFD-8202-4E27-5EF61C1ADEF8}.Release|Any CPU.ActiveCfg = Release|Any CPU
		{19CA0777-3EFD-8202-4E27-5EF61C1ADEF8}.Release|Any CPU.Build.0 = Release|Any CPU
		{7C5D050D-530B-E672-EC16-41A1BDD232B9}.Debug|Any CPU.ActiveCfg = Debug|Any CPU
		{7C5D050D-530B-E672-EC16-41A1BDD232B9}.Debug|Any CPU.Build.0 = Debug|Any CPU
		{7C5D050D-530B-E672-EC16-41A1BDD232B9}.Release|Any CPU.ActiveCfg = Release|Any CPU
		{7C5D050D-530B-E672-EC16-41A1BDD232B9}.Release|Any CPU.Build.0 = Release|Any CPU
		{63D1F930-6312-8D2A-EDE6-6383E825F66E}.Debug|Any CPU.ActiveCfg = Debug|Any CPU
		{63D1F930-6312-8D2A-EDE6-6383E825F66E}.Debug|Any CPU.Build.0 = Debug|Any CPU
		{63D1F930-6312-8D2A-EDE6-6383E825F66E}.Release|Any CPU.ActiveCfg = Release|Any CPU
		{63D1F930-6312-8D2A-EDE6-6383E825F66E}.Release|Any CPU.Build.0 = Release|Any CPU
		{BD62494A-CC33-96E2-EB93-0160D5C9DC67}.Debug|Any CPU.ActiveCfg = Debug|Any CPU
		{BD62494A-CC33-96E2-EB93-0160D5C9DC67}.Debug|Any CPU.Build.0 = Debug|Any CPU
		{BD62494A-CC33-96E2-EB93-0160D5C9DC67}.Release|Any CPU.ActiveCfg = Release|Any CPU
		{BD62494A-CC33-96E2-EB93-0160D5C9DC67}.Release|Any CPU.Build.0 = Release|Any CPU
	EndGlobalSection
	GlobalSection(SolutionProperties) = preSolution
		HideSolutionNode = FALSE
	EndGlobalSection
EndGlobal
